schema=ucc.environment-lock.v1
python=3.13.12
numpy=2.3.3
pandas=2.3.3
pyarrow=25.0.0
qiskit=2.4.0
pytket=2.16.0
pyzx=0.10.2
scipy=1.16.2
matplotlib=3.10.7
psutil=7.1.3
ucc=0.4.12
staq_upstream_commit=a2acd39e60ed0e5f1978fa530df7e1e0c7cedf7a
staq_grid_synth_sha256=97162c92130922f109cc7d906b67aeffc45aa69ec0f430a47dee63293726a78a
artifact_commit=229eafdb4127ab98b2ad925a9657fa67510a12e7
platform=macOS-26.5.2-arm64-arm-64bit-Mach-O
